
Microsoft Visual Studio Solution File, Format Version 12.00
# Visual Studio Version 16
VisualStudioVersion = 25.0.1706.0
MinimumVisualStudioVersion = 10.0.40219.1
Project("{FAE04EC0-301F-11D3-BF4B-00C04F79EFBC}") = "Computorv1", "Computorv1\Computorv1.csproj", "{B80235E6-A3DF-471D-AD5F-28F8BE95EDEA}"
EndProject
Project("{FAE04EC0-301F-11D3-BF4B-00C04F79EFBC}") = "Computorv1Tests", "Computorv1Tests\Computorv1Tests.csproj", "{C6EC2382-1AA3-4715-A52D-0B9903B5AC80}"
EndProject
Global
	GlobalSection(SolutionConfigurationPlatforms) = preSolution
		Debug|Any CPU = Debug|Any CPU
		Release|Any CPU = Release|Any CPU
	EndGlobalSection
	GlobalSection(ProjectConfigurationPlatforms) = postSolution
		{B80235E6-A3DF-471D-AD5F-28F8BE95EDEA}.Debug|Any CPU.ActiveCfg = Debug|Any CPU
		{B80235E6-A3DF-471D-AD5F-28F8BE95EDEA}.Debug|Any CPU.Build.0 = Debug|Any CPU
		{B80235E6-A3DF-471D-AD5F-28F8BE95EDEA}.Release|Any CPU.ActiveCfg = Release|Any CPU
		{B80235E6-A3DF-471D-AD5F-28F8BE95EDEA}.Release|Any CPU.Build.0 = Release|Any CPU
		{C6EC2382-1AA3-4715-A52D-0B9903B5AC80}.Debug|Any CPU.ActiveCfg = Debug|Any CPU
		{C6EC2382-1AA3-4715-A52D-0B9903B5AC80}.Debug|Any CPU.Build.0 = Debug|Any CPU
		{C6EC2382-1AA3-4715-A52D-0B9903B5AC80}.Release|Any CPU.ActiveCfg = Release|Any CPU
		{C6EC2382-1AA3-4715-A52D-0B9903B5AC80}.Release|Any CPU.Build.0 = Release|Any CPU
	EndGlobalSection
	GlobalSection(SolutionProperties) = preSolution
		HideSolutionNode = FALSE
	EndGlobalSection
	GlobalSection(ExtensibilityGlobals) = postSolution
		SolutionGuid = {0907B295-D5F3-4FD3-8535-CA4C5A8EBEE9}
	EndGlobalSection
EndGlobal
